
Microsoft Visual Studio Solution File, Format Version 12.00
# Visual Studio 15
VisualStudioVersion = 15.0.28307.902
MinimumVisualStudioVersion = 10.0.40219.1
Project("{FAE04EC0-301F-11D3-BF4B-00C04F79EFBC}") = "App1.Android", "App1\App1.Android\App1.Android.csproj", "{92F4D0C6-346D-4594-91FF-5E0D868434F3}"
EndProject
Project("{FAE04EC0-301F-11D3-BF4B-00C04F79EFBC}") = "App1", "App1\App1\App1.csproj", "{241E7043-BBBA-450A-BF94-06FC703468E8}"
EndProject
Global
	GlobalSection(SolutionConfigurationPlatforms) = preSolution
		Debug|Any CPU = Debug|Any CPU
		Release|Any CPU = Release|Any CPU
	EndGlobalSection
	GlobalSection(ProjectConfigurationPlatforms) = postSolution
		{92F4D0C6-346D-4594-91FF-5E0D868434F3}.Debug|Any CPU.ActiveCfg = Debug|Any CPU
		{92F4D0C6-346D-4594-91FF-5E0D868434F3}.Debug|Any CPU.Build.0 = Debug|Any CPU
		{92F4D0C6-346D-4594-91FF-5E0D868434F3}.Debug|Any CPU.Deploy.0 = Debug|Any CPU
		{92F4D0C6-346D-4594-91FF-5E0D868434F3}.Release|Any CPU.ActiveCfg = Release|Any CPU
		{92F4D0C6-346D-4594-91FF-5E0D868434F3}.Release|Any CPU.Build.0 = Release|Any CPU
		{92F4D0C6-346D-4594-91FF-5E0D868434F3}.Release|Any CPU.Deploy.0 = Release|Any CPU
		{241E7043-BBBA-450A-BF94-06FC703468E8}.Debug|Any CPU.ActiveCfg = Debug|Any CPU
		{241E7043-BBBA-450A-BF94-06FC703468E8}.Debug|Any CPU.Build.0 = Debug|Any CPU
		{241E7043-BBBA-450A-BF94-06FC703468E8}.Debug|Any CPU.Deploy.0 = Debug|Any CPU
		{241E7043-BBBA-450A-BF94-06FC703468E8}.Release|Any CPU.ActiveCfg = Release|Any CPU
		{241E7043-BBBA-450A-BF94-06FC703468E8}.Release|Any CPU.Build.0 = Release|Any CPU
		{241E7043-BBBA-450A-BF94-06FC703468E8}.Release|Any CPU.Deploy.0 = Release|Any CPU
	EndGlobalSection
	GlobalSection(SolutionProperties) = preSolution
		HideSolutionNode = FALSE
	EndGlobalSection
	GlobalSection(ExtensibilityGlobals) = postSolution
		SolutionGuid = {631B31F8-A9B1-4325-8EBF-9E4135206DF0}
	EndGlobalSection
EndGlobal
